
Microsoft Visual Studio Solution File, Format Version 12.00
# Visual Studio Version 16
VisualStudioVersion = 16.0.30711.63
MinimumVisualStudioVersion = 10.0.40219.1
Project("{FAE04EC0-301F-11D3-BF4B-00C04F79EFBC}") = "waterskibaan", "waterskibaan.csproj", "{4C6AE530-C4DE-484F-BD16-4C946435110E}"
EndProject
Project("{FAE04EC0-301F-11D3-BF4B-00C04F79EFBC}") = "groenscherm", "..\groenscherm\groenscherm.csproj", "{7ED31154-5457-4651-AFBE-86A962D8E71A}"
EndProject
Global
	GlobalSection(SolutionConfigurationPlatforms) = preSolution
		Debug|Any CPU = Debug|Any CPU
		Release|Any CPU = Release|Any CPU
	EndGlobalSection
	GlobalSection(ProjectConfigurationPlatforms) = postSolution
		{4C6AE530-C4DE-484F-BD16-4C946435110E}.Debug|Any CPU.ActiveCfg = Debug|Any CPU
		{4C6AE530-C4DE-484F-BD16-4C946435110E}.Debug|Any CPU.Build.0 = Debug|Any CPU
		{4C6AE530-C4DE-484F-BD16-4C946435110E}.Release|Any CPU.ActiveCfg = Release|Any CPU
		{4C6AE530-C4DE-484F-BD16-4C946435110E}.Release|Any CPU.Build.0 = Release|Any CPU
		{7ED31154-5457-4651-AFBE-86A962D8E71A}.Debug|Any CPU.ActiveCfg = Debug|Any CPU
		{7ED31154-5457-4651-AFBE-86A962D8E71A}.Debug|Any CPU.Build.0 = Debug|Any CPU
		{7ED31154-5457-4651-AFBE-86A962D8E71A}.Release|Any CPU.ActiveCfg = Release|Any CPU
		{7ED31154-5457-4651-AFBE-86A962D8E71A}.Release|Any CPU.Build.0 = Release|Any CPU
	EndGlobalSection
	GlobalSection(SolutionProperties) = preSolution
		HideSolutionNode = FALSE
	EndGlobalSection
	GlobalSection(ExtensibilityGlobals) = postSolution
		SolutionGuid = {A025924A-90AF-4BD8-9580-F213527E43AC}
	EndGlobalSection
EndGlobal
